// !$*UTF8*$!
{
	archiveVersion = 1;
	classes = {
	};
	objectVersion = 46;
	objects = {

/* Begin PBXBuildFile section */
		6A34D06B173970B30096A10A /* CoreFoundation.framework in Frameworks */ = {isa = PBXBuildFile; fileRef = 6A34D06A173970B30096A10A /* CoreFoundation.framework */; };
		6A34D071173970B40096A10A /* InfoPlist.strings in Resources */ = {isa = PBXBuildFile; fileRef = 6A34D06F173970B40096A10A /* InfoPlist.strings */; };
		6A34D0B0173BF0740096A10A /* QCGenericMultipartImageUploader.m in Sources */ = {isa = PBXBuildFile; fileRef = 6A34D0A6173BF0740096A10A /* QCGenericMultipartImageUploader.m */; };
		6A34D0B1173BF0740096A10A /* QCImageShackImageUploader.m in Sources */ = {isa = PBXBuildFile; fileRef = 6A34D0A8173BF0740096A10A /* QCImageShackImageUploader.m */; };
		6A34D0B2173BF0740096A10A /* QCImageUploaderPlugin.m in Sources */ = {isa = PBXBuildFile; fileRef = 6A34D0AA173BF0740096A10A /* QCImageUploaderPlugin.m */; };
		6A34D0B3173BF0740096A10A /* QCImageUploaderProgress.xib in Resources */ = {isa = PBXBuildFile; fileRef = 6A34D0AB173BF0740096A10A /* QCImageUploaderProgress.xib */; };
		6A34D0B4173BF0740096A10A /* QCImageUploaderWindowController.m in Sources */ = {isa = PBXBuildFile; fileRef = 6A34D0AD173BF0740096A10A /* QCImageUploaderWindowController.m */; };
		6A34D0B5173BF0740096A10A /* QCImgurImageUploader.m in Sources */ = {isa = PBXBuildFile; fileRef = 6A34D0AF173BF0740096A10A /* QCImgurImageUploader.m */; };
		6A34D0B8173BF1EC0096A10A /* Adium.framework in Frameworks */ = {isa = PBXBuildFile; fileRef = 6A34D0B6173BF1EC0096A10A /* Adium.framework */; };
		6A34D0B9173BF1EC0096A10A /* AIUtilities.framework in Frameworks */ = {isa = PBXBuildFile; fileRef = 6A34D0B7173BF1EC0096A10A /* AIUtilities.framework */; };
		6A34D0BC173BF2BD0096A10A /* AppKit.framework in Frameworks */ = {isa = PBXBuildFile; fileRef = 6A34D0BA173BF2AA0096A10A /* AppKit.framework */; };
		D9FE923F19E2E66800B532BD /* QCMediaCrushImageUploader.m in Sources */ = {isa = PBXBuildFile; fileRef = D9FE923E19E2E66800B532BD /* QCMediaCrushImageUploader.m */; };
/* End PBXBuildFile section */

/* Begin PBXFileReference section */
		6A34D067173970B30096A10A /* ImageUp.AdiumPlugin */ = {isa = PBXFileReference; explicitFileType = wrapper.cfbundle; includeInIndex = 0; path = ImageUp.AdiumPlugin; sourceTree = BUILT_PRODUCTS_DIR; };
		6A34D06A173970B30096A10A /* CoreFoundation.framework */ = {isa = PBXFileReference; lastKnownFileType = wrapper.framework; name = CoreFoundation.framework; path = System/Library/Frameworks/CoreFoundation.framework; sourceTree = SDKROOT; };
		6A34D06E173970B40096A10A /* ImageUp-Info.plist */ = {isa = PBXFileReference; lastKnownFileType = text.plist.xml; path = "ImageUp-Info.plist"; sourceTree = "<group>"; };
		6A34D070173970B40096A10A /* en */ = {isa = PBXFileReference; lastKnownFileType = text.plist.strings; name = en; path = en.lproj/InfoPlist.strings; sourceTree = "<group>"; };
		6A34D072173970B40096A10A /* ImageUp-Prefix.pch */ = {isa = PBXFileReference; lastKnownFileType = sourcecode.c.h; path = "ImageUp-Prefix.pch"; sourceTree = "<group>"; };
		6A34D0A5173BF0740096A10A /* QCGenericMultipartImageUploader.h */ = {isa = PBXFileReference; fileEncoding = 4; lastKnownFileType = sourcecode.c.h; path = QCGenericMultipartImageUploader.h; sourceTree = "<group>"; };
		6A34D0A6173BF0740096A10A /* QCGenericMultipartImageUploader.m */ = {isa = PBXFileReference; fileEncoding = 4; lastKnownFileType = sourcecode.c.objc; path = QCGenericMultipartImageUploader.m; sourceTree = "<group>"; };
		6A34D0A7173BF0740096A10A /* QCImageShackImageUploader.h */ = {isa = PBXFileReference; fileEncoding = 4; lastKnownFileType = sourcecode.c.h; path = QCImageShackImageUploader.h; sourceTree = "<group>"; };
		6A34D0A8173BF0740096A10A /* QCImageShackImageUploader.m */ = {isa = PBXFileReference; fileEncoding = 4; lastKnownFileType = sourcecode.c.objc; path = QCImageShackImageUploader.m; sourceTree = "<group>"; };
		6A34D0A9173BF0740096A10A /* QCImageUploaderPlugin.h */ = {isa = PBXFileReference; fileEncoding = 4; lastKnownFileType = sourcecode.c.h; path = QCImageUploaderPlugin.h; sourceTree = "<group>"; };
		6A34D0AA173BF0740096A10A /* QCImageUploaderPlugin.m */ = {isa = PBXFileReference; fileEncoding = 4; lastKnownFileType = sourcecode.c.objc; path = QCImageUploaderPlugin.m; sourceTree = "<group>"; };
		6A34D0AB173BF0740096A10A /* QCImageUploaderProgress.xib */ = {isa = PBXFileReference; fileEncoding = 4; lastKnownFileType = file.xib; path = QCImageUploaderProgress.xib; sourceTree = "<group>"; };
		6A34D0AC173BF0740096A10A /* QCImageUploaderWindowController.h */ = {isa = PBXFileReference; fileEncoding = 4; lastKnownFileType = sourcecode.c.h; path = QCImageUploaderWindowController.h; sourceTree = "<group>"; };
		6A34D0AD173BF0740096A10A /* QCImageUploaderWindowController.m */ = {isa = PBXFileReference; fileEncoding = 4; lastKnownFileType = sourcecode.c.objc; path = QCImageUploaderWindowController.m; sourceTree = "<group>"; };
		6A34D0AE173BF0740096A10A /* QCImgurImageUploader.h */ = {isa = PBXFileReference; fileEncoding = 4; lastKnownFileType = sourcecode.c.h; path = QCImgurImageUploader.h; sourceTree = "<group>"; };
		6A34D0AF173BF0740096A10A /* QCImgurImageUploader.m */ = {isa = PBXFileReference; fileEncoding = 4; lastKnownFileType = sourcecode.c.objc; path = QCImgurImageUploader.m; sourceTree = "<group>"; };
		6A34D0B6173BF1EC0096A10A /* Adium.framework */ = {isa = PBXFileReference; lastKnownFileType = wrapper.framework; path = Adium.framework; sourceTree = "<group>"; };
		6A34D0B7173BF1EC0096A10A /* AIUtilities.framework */ = {isa = PBXFileReference; lastKnownFileType = wrapper.framework; path = AIUtilities.framework; sourceTree = "<group>"; };
		6A34D0BA173BF2AA0096A10A /* AppKit.framework */ = {isa = PBXFileReference; lastKnownFileType = wrapper.framework; name = AppKit.framework; path = System/Library/Frameworks/AppKit.framework; sourceTree = SDKROOT; };
		D9FE923D19E2E66800B532BD /* QCMediaCrushImageUploader.h */ = {isa = PBXFileReference; fileEncoding = 4; lastKnownFileType = sourcecode.c.h; path = QCMediaCrushImageUploader.h; sourceTree = "<group>"; };
		D9FE923E19E2E66800B532BD /* QCMediaCrushImageUploader.m */ = {isa = PBXFileReference; fileEncoding = 4; lastKnownFileType = sourcecode.c.objc; path = QCMediaCrushImageUploader.m; sourceTree = "<group>"; };
/* End PBXFileReference section */

/* Begin PBXFrameworksBuildPhase section */
		6A34D064173970B30096A10A /* Frameworks */ = {
			isa = PBXFrameworksBuildPhase;
			buildActionMask = 2147483647;
			files = (
				6A34D0BC173BF2BD0096A10A /* AppKit.framework in Frameworks */,
				6A34D0B8173BF1EC0096A10A /* Adium.framework in Frameworks */,
				6A34D0B9173BF1EC0096A10A /* AIUtilities.framework in Frameworks */,
				6A34D06B173970B30096A10A /* CoreFoundation.framework in Frameworks */,
			);
			runOnlyForDeploymentPostprocessing = 0;
		};
/* End PBXFrameworksBuildPhase section */

/* Begin PBXGroup section */
		6A34D05E173970B30096A10A = {
			isa = PBXGroup;
			children = (
				6A34D06C173970B40096A10A /* ImageUp */,
				6A34D069173970B30096A10A /* Frameworks */,
				6A34D068173970B30096A10A /* Products */,
			);
			sourceTree = "<group>";
		};
		6A34D068173970B30096A10A /* Products */ = {
			isa = PBXGroup;
			children = (
				6A34D067173970B30096A10A /* ImageUp.AdiumPlugin */,
			);
			name = Products;
			sourceTree = "<group>";
		};
		6A34D069173970B30096A10A /* Frameworks */ = {
			isa = PBXGroup;
			children = (
				6A34D0BA173BF2AA0096A10A /* AppKit.framework */,
				6A34D0B6173BF1EC0096A10A /* Adium.framework */,
				6A34D0B7173BF1EC0096A10A /* AIUtilities.framework */,
				6A34D06A173970B30096A10A /* CoreFoundation.framework */,
			);
			name = Frameworks;
			sourceTree = "<group>";
		};
		6A34D06C173970B40096A10A /* ImageUp */ = {
			isa = PBXGroup;
			children = (
				6A34D0A5173BF0740096A10A /* QCGenericMultipartImageUploader.h */,
				6A34D0A6173BF0740096A10A /* QCGenericMultipartImageUploader.m */,
				6A34D0A7173BF0740096A10A /* QCImageShackImageUploader.h */,
				6A34D0A8173BF0740096A10A /* QCImageShackImageUploader.m */,
				6A34D0A9173BF0740096A10A /* QCImageUploaderPlugin.h */,
				6A34D0AA173BF0740096A10A /* QCImageUploaderPlugin.m */,
				6A34D0AB173BF0740096A10A /* QCImageUploaderProgress.xib */,
				6A34D0AC173BF0740096A10A /* QCImageUploaderWindowController.h */,
				6A34D0AD173BF0740096A10A /* QCImageUploaderWindowController.m */,
				6A34D0AE173BF0740096A10A /* QCImgurImageUploader.h */,
				6A34D0AF173BF0740096A10A /* QCImgurImageUploader.m */,
				D9FE923D19E2E66800B532BD /* QCMediaCrushImageUploader.h */,
				D9FE923E19E2E66800B532BD /* QCMediaCrushImageUploader.m */,
				6A34D06D173970B40096A10A /* Supporting Files */,
			);
			path = ImageUp;
			sourceTree = "<group>";
		};
		6A34D06D173970B40096A10A /* Supporting Files */ = {
			isa = PBXGroup;
			children = (
				6A34D06E173970B40096A10A /* ImageUp-Info.plist */,
				6A34D06F173970B40096A10A /* InfoPlist.strings */,
				6A34D072173970B40096A10A /* ImageUp-Prefix.pch */,
			);
			name = "Supporting Files";
			sourceTree = "<group>";
		};
/* End PBXGroup section */

/* Begin PBXNativeTarget section */
		6A34D066173970B30096A10A /* ImageUp */ = {
			isa = PBXNativeTarget;
			buildConfigurationList = 6A34D075173970B40096A10A /* Build configuration list for PBXNativeTarget "ImageUp" */;
			buildPhases = (
				6A34D063173970B30096A10A /* Sources */,
				6A34D064173970B30096A10A /* Frameworks */,
				6A34D065173970B30096A10A /* Resources */,
			);
			buildRules = (
			);
			dependencies = (
			);
			name = ImageUp;
			productName = ImageUp;
			productReference = 6A34D067173970B30096A10A /* ImageUp.AdiumPlugin */;
			productType = "com.apple.product-type.bundle";
		};
/* End PBXNativeTarget section */

/* Begin PBXProject section */
		6A34D05F173970B30096A10A /* Project object */ = {
			isa = PBXProject;
			attributes = {
				LastUpgradeCheck = 0460;
				ORGANIZATIONNAME = "Quenton Cook";
			};
			buildConfigurationList = 6A34D062173970B30096A10A /* Build configuration list for PBXProject "ImageUp" */;
			compatibilityVersion = "Xcode 3.2";
			developmentRegion = English;
			hasScannedForEncodings = 0;
			knownRegions = (
				en,
			);
			mainGroup = 6A34D05E173970B30096A10A;
			productRefGroup = 6A34D068173970B30096A10A /* Products */;
			projectDirPath = "";
			projectRoot = "";
			targets = (
				6A34D066173970B30096A10A /* ImageUp */,
			);
		};
/* End PBXProject section */

/* Begin PBXResourcesBuildPhase section */
		6A34D065173970B30096A10A /* Resources */ = {
			isa = PBXResourcesBuildPhase;
			buildActionMask = 2147483647;
			files = (
				6A34D071173970B40096A10A /* InfoPlist.strings in Resources */,
				6A34D0B3173BF0740096A10A /* QCImageUploaderProgress.xib in Resources */,
			);
			runOnlyForDeploymentPostprocessing = 0;
		};
/* End PBXResourcesBuildPhase section */

/* Begin PBXSourcesBuildPhase section */
		6A34D063173970B30096A10A /* Sources */ = {
			isa = PBXSourcesBuildPhase;
			buildActionMask = 2147483647;
			files = (
				6A34D0B0173BF0740096A10A /* QCGenericMultipartImageUploader.m in Sources */,
				6A34D0B1173BF0740096A10A /* QCImageShackImageUploader.m in Sources */,
				D9FE923F19E2E66800B532BD /* QCMediaCrushImageUploader.m in Sources */,
				6A34D0B2173BF0740096A10A /* QCImageUploaderPlugin.m in Sources */,
				6A34D0B4173BF0740096A10A /* QCImageUploaderWindowController.m in Sources */,
				6A34D0B5173BF0740096A10A /* QCImgurImageUploader.m in Sources */,
			);
			runOnlyForDeploymentPostprocessing = 0;
		};
/* End PBXSourcesBuildPhase section */

/* Begin PBXVariantGroup section */
		6A34D06F173970B40096A10A /* InfoPlist.strings */ = {
			isa = PBXVariantGroup;
			children = (
				6A34D070173970B40096A10A /* en */,
			);
			name = InfoPlist.strings;
			sourceTree = "<group>";
		};
/* End PBXVariantGroup section */

/* Begin XCBuildConfiguration section */
		6A34D073173970B40096A10A /* Debug */ = {
			isa = XCBuildConfiguration;
			buildSettings = {
				ADIUM = "$(SRCROOT)/../adium-1.5.10";
				ALWAYS_SEARCH_USER_PATHS = NO;
				ARCHS = "$(ARCHS_STANDARD_64_BIT)";
				CLANG_CXX_LANGUAGE_STANDARD = "gnu++0x";
				CLANG_CXX_LIBRARY = "libc++";
				CLANG_ENABLE_OBJC_ARC = YES;
				CLANG_WARN_CONSTANT_CONVERSION = YES;
				CLANG_WARN_EMPTY_BODY = YES;
				CLANG_WARN_ENUM_CONVERSION = YES;
				CLANG_WARN_INT_CONVERSION = YES;
				CLANG_WARN__DUPLICATE_METHOD_MATCH = YES;
				COPY_PHASE_STRIP = NO;
				FRAMEWORK_SEARCH_PATHS = (
					"\"$(ADIUM)/build/$(CONFIGURATION)\"",
					"$(inherited)",
				);
				GCC_C_LANGUAGE_STANDARD = gnu99;
				GCC_DYNAMIC_NO_PIC = NO;
				GCC_ENABLE_OBJC_EXCEPTIONS = YES;
				GCC_OPTIMIZATION_LEVEL = 0;
				GCC_PREPROCESSOR_DEFINITIONS = (
					"DEBUG=1",
					"$(inherited)",
				);
				GCC_SYMBOLS_PRIVATE_EXTERN = NO;
				GCC_WARN_64_TO_32_BIT_CONVERSION = YES;
				GCC_WARN_ABOUT_RETURN_TYPE = YES;
				GCC_WARN_UNINITIALIZED_AUTOS = YES;
				GCC_WARN_UNUSED_VARIABLE = YES;
				HEADER_SEARCH_PATHS = (
					"$(inherited)",
					/Applications/Xcode.app/Contents/Developer/Toolchains/XcodeDefault.xctoolchain/usr/include,
					"$(ADIUM)/Source",
				);
				MACOSX_DEPLOYMENT_TARGET = 10.8;
				ONLY_ACTIVE_ARCH = YES;
				SDKROOT = macosx;
			};
			name = Debug;
		};
		6A34D074173970B40096A10A /* Release */ = {
			isa = XCBuildConfiguration;
			buildSettings = {
				ADIUM = "$(SRCROOT)/../adium-1.5.10";
				ALWAYS_SEARCH_USER_PATHS = NO;
				ARCHS = "$(ARCHS_STANDARD_64_BIT)";
				CLANG_CXX_LANGUAGE_STANDARD = "gnu++0x";
				CLANG_CXX_LIBRARY = "libc++";
				CLANG_ENABLE_OBJC_ARC = YES;
				CLANG_WARN_CONSTANT_CONVERSION = YES;
				CLANG_WARN_EMPTY_BODY = YES;
				CLANG_WARN_ENUM_CONVERSION = YES;
				CLANG_WARN_INT_CONVERSION = YES;
				CLANG_WARN__DUPLICATE_METHOD_MATCH = YES;
				COPY_PHASE_STRIP = YES;
				DEBUG_INFORMATION_FORMAT = "dwarf-with-dsym";
				FRAMEWORK_SEARCH_PATHS = (
					"\"$(ADIUM)/build/$(CONFIGURATION)\"",
					"$(inherited)",
				);
				GCC_C_LANGUAGE_STANDARD = gnu99;
				GCC_ENABLE_OBJC_EXCEPTIONS = YES;
				GCC_WARN_64_TO_32_BIT_CONVERSION = YES;
				GCC_WARN_ABOUT_RETURN_TYPE = YES;
				GCC_WARN_UNINITIALIZED_AUTOS = YES;
				GCC_WARN_UNUSED_VARIABLE = YES;
				HEADER_SEARCH_PATHS = (
					"$(inherited)",
					/Applications/Xcode.app/Contents/Developer/Toolchains/XcodeDefault.xctoolchain/usr/include,
					"$(ADIUM)/Source",
				);
				MACOSX_DEPLOYMENT_TARGET = 10.8;
				SDKROOT = macosx;
			};
			name = Release;
		};
		6A34D076173970B40096A10A /* Debug */ = {
			isa = XCBuildConfiguration;
			buildSettings = {
				COMBINE_HIDPI_IMAGES = YES;
				FRAMEWORK_SEARCH_PATHS = (
					"$(inherited)",
					"\"$(SRCROOT)\"",
				);
				GCC_PRECOMPILE_PREFIX_HEADER = YES;
				GCC_PREFIX_HEADER = "ImageUp/ImageUp-Prefix.pch";
				INFOPLIST_FILE = "ImageUp/ImageUp-Info.plist";
				INSTALL_PATH = "\"$(HOME)/Library/Application Support/Adium 2.0/PlugIns/\"";
				PRODUCT_NAME = "$(TARGET_NAME)";
				WRAPPER_EXTENSION = AdiumPlugin;
			};
			name = Debug;
		};
		6A34D077173970B40096A10A /* Release */ = {
			isa = XCBuildConfiguration;
			buildSettings = {
				COMBINE_HIDPI_IMAGES = YES;
				FRAMEWORK_SEARCH_PATHS = (
					"$(inherited)",
					"\"$(SRCROOT)\"",
				);
				GCC_PRECOMPILE_PREFIX_HEADER = YES;
				GCC_PREFIX_HEADER = "ImageUp/ImageUp-Prefix.pch";
				INFOPLIST_FILE = "ImageUp/ImageUp-Info.plist";
				INSTALL_PATH = "\"$(HOME)/Library/Application Support/Adium 2.0/PlugIns/\"";
				PRODUCT_NAME = "$(TARGET_NAME)";
				WRAPPER_EXTENSION = AdiumPlugin;
			};
			name = Release;
		};
/* End XCBuildConfiguration section */

/* Begin XCConfigurationList section */
		6A34D062173970B30096A10A /* Build configuration list for PBXProject "ImageUp" */ = {
			isa = XCConfigurationList;
			buildConfigurations = (
				6A34D073173970B40096A10A /* Debug */,
				6A34D074173970B40096A10A /* Release */,
			);
			defaultConfigurationIsVisible = 0;
			defaultConfigurationName = Release;
		};
		6A34D075173970B40096A10A /* Build configuration list for PBXNativeTarget "ImageUp" */ = {
			isa = XCConfigurationList;
			buildConfigurations = (
				6A34D076173970B40096A10A /* Debug */,
				6A34D077173970B40096A10A /* Release */,
			);
			defaultConfigurationIsVisible = 0;
			defaultConfigurationName = Release;
		};
/* End XCConfigurationList section */
	};
	rootObject = 6A34D05F173970B30096A10A /* Project object */;
}
